
Microsoft Visual Studio Solution File, Format Version 12.00
# Visual Studio 15
VisualStudioVersion = 15.0.27130.2036
MinimumVisualStudioVersion = 10.0.40219.1
Project("{8BC9CEB8-8B4A-11D0-8D11-00A0C91BC942}") = "최단경로", "최단경로\최단경로.vcxproj", "{9FAAC8CC-C93F-4C69-9FE9-C11DAEDB3601}"
EndProject
Global
	GlobalSection(SolutionConfigurationPlatforms) = preSolution
		Debug|x64 = Debug|x64
		Debug|x86 = Debug|x86
		Release|x64 = Release|x64
		Release|x86 = Release|x86
	EndGlobalSection
	GlobalSection(ProjectConfigurationPlatforms) = postSolution
		{9FAAC8CC-C93F-4C69-9FE9-C11DAEDB3601}.Debug|x64.ActiveCfg = Debug|x64
		{9FAAC8CC-C93F-4C69-9FE9-C11DAEDB3601}.Debug|x64.Build.0 = Debug|x64
		{9FAAC8CC-C93F-4C69-9FE9-C11DAEDB3601}.Debug|x86.ActiveCfg = Debug|Win32
		{9FAAC8CC-C93F-4C69-9FE9-C11DAEDB3601}.Debug|x86.Build.0 = Debug|Win32
		{9FAAC8CC-C93F-4C69-9FE9-C11DAEDB3601}.Release|x64.ActiveCfg = Release|x64
		{9FAAC8CC-C93F-4C69-9FE9-C11DAEDB3601}.Release|x64.Build.0 = Release|x64
		{9FAAC8CC-C93F-4C69-9FE9-C11DAEDB3601}.Release|x86.ActiveCfg = Release|Win32
		{9FAAC8CC-C93F-4C69-9FE9-C11DAEDB3601}.Release|x86.Build.0 = Release|Win32
	EndGlobalSection
	GlobalSection(SolutionProperties) = preSolution
		HideSolutionNode = FALSE
	EndGlobalSection
	GlobalSection(ExtensibilityGlobals) = postSolution
		SolutionGuid = {4E9E8682-B1EE-4A77-8F73-3AFAF7AF82E8}
	EndGlobalSection
EndGlobal
