
Microsoft Visual Studio Solution File, Format Version 12.00
# Visual Studio 15
VisualStudioVersion = 15.0.27130.2036
MinimumVisualStudioVersion = 10.0.40219.1
Project("{8BC9CEB8-8B4A-11D0-8D11-00A0C91BC942}") = "탐색트리", "탐색트리\탐색트리.vcxproj", "{B142406D-CD99-4732-B3A0-7437BCAF075B}"
EndProject
Global
	GlobalSection(SolutionConfigurationPlatforms) = preSolution
		Debug|x64 = Debug|x64
		Debug|x86 = Debug|x86
		Release|x64 = Release|x64
		Release|x86 = Release|x86
	EndGlobalSection
	GlobalSection(ProjectConfigurationPlatforms) = postSolution
		{B142406D-CD99-4732-B3A0-7437BCAF075B}.Debug|x64.ActiveCfg = Debug|x64
		{B142406D-CD99-4732-B3A0-7437BCAF075B}.Debug|x64.Build.0 = Debug|x64
		{B142406D-CD99-4732-B3A0-7437BCAF075B}.Debug|x86.ActiveCfg = Debug|Win32
		{B142406D-CD99-4732-B3A0-7437BCAF075B}.Debug|x86.Build.0 = Debug|Win32
		{B142406D-CD99-4732-B3A0-7437BCAF075B}.Release|x64.ActiveCfg = Release|x64
		{B142406D-CD99-4732-B3A0-7437BCAF075B}.Release|x64.Build.0 = Release|x64
		{B142406D-CD99-4732-B3A0-7437BCAF075B}.Release|x86.ActiveCfg = Release|Win32
		{B142406D-CD99-4732-B3A0-7437BCAF075B}.Release|x86.Build.0 = Release|Win32
	EndGlobalSection
	GlobalSection(SolutionProperties) = preSolution
		HideSolutionNode = FALSE
	EndGlobalSection
	GlobalSection(ExtensibilityGlobals) = postSolution
		SolutionGuid = {40D47AB1-7199-405D-9A1B-783E79A6614A}
	EndGlobalSection
EndGlobal
