
Microsoft Visual Studio Solution File, Format Version 12.00
# Visual Studio 15
VisualStudioVersion = 15.0.27130.2036
MinimumVisualStudioVersion = 10.0.40219.1
Project("{8BC9CEB8-8B4A-11D0-8D11-00A0C91BC942}") = "최소신장트리", "최소신장트리\최소신장트리.vcxproj", "{EE83F91F-1B6A-47DA-B8AF-F44B93AA9A02}"
EndProject
Global
	GlobalSection(SolutionConfigurationPlatforms) = preSolution
		Debug|x64 = Debug|x64
		Debug|x86 = Debug|x86
		Release|x64 = Release|x64
		Release|x86 = Release|x86
	EndGlobalSection
	GlobalSection(ProjectConfigurationPlatforms) = postSolution
		{EE83F91F-1B6A-47DA-B8AF-F44B93AA9A02}.Debug|x64.ActiveCfg = Debug|x64
		{EE83F91F-1B6A-47DA-B8AF-F44B93AA9A02}.Debug|x64.Build.0 = Debug|x64
		{EE83F91F-1B6A-47DA-B8AF-F44B93AA9A02}.Debug|x86.ActiveCfg = Debug|Win32
		{EE83F91F-1B6A-47DA-B8AF-F44B93AA9A02}.Debug|x86.Build.0 = Debug|Win32
		{EE83F91F-1B6A-47DA-B8AF-F44B93AA9A02}.Release|x64.ActiveCfg = Release|x64
		{EE83F91F-1B6A-47DA-B8AF-F44B93AA9A02}.Release|x64.Build.0 = Release|x64
		{EE83F91F-1B6A-47DA-B8AF-F44B93AA9A02}.Release|x86.ActiveCfg = Release|Win32
		{EE83F91F-1B6A-47DA-B8AF-F44B93AA9A02}.Release|x86.Build.0 = Release|Win32
	EndGlobalSection
	GlobalSection(SolutionProperties) = preSolution
		HideSolutionNode = FALSE
	EndGlobalSection
	GlobalSection(ExtensibilityGlobals) = postSolution
		SolutionGuid = {7174F31A-A8B5-4F62-AF70-B1FC7E22FE92}
	EndGlobalSection
EndGlobal
